
Microsoft Visual Studio Solution File, Format Version 12.00
# Visual Studio Version 16
VisualStudioVersion = 16.0.28803.202
MinimumVisualStudioVersion = 10.0.40219.1
Project("{8BC9CEB8-8B4A-11D0-8D11-00A0C91BC942}") = "iocom", "iocom.vcxproj", "{19FB0104-F92B-4FF2-BD45-577449621E88}"
EndProject
Project("{8BC9CEB8-8B4A-11D0-8D11-00A0C91BC942}") = "devicedir", "..\..\extensions\devicedir\osbuild\vs2019\devicedir.vcxproj", "{FE76EF7A-7822-4EC5-A7CE-05E5FA1AD2E7}"
EndProject
Project("{8BC9CEB8-8B4A-11D0-8D11-00A0C91BC942}") = "deviceinfo", "..\..\extensions\deviceinfo\osbuild\vs2019\deviceinfo.vcxproj", "{E7FCD099-4DF2-42AD-BDA4-EA6B4D5AB92D}"
EndProject
Project("{8BC9CEB8-8B4A-11D0-8D11-00A0C91BC942}") = "gazerbeam", "..\..\extensions\gazerbeam\osbuild\vs2019\gazerbeam.vcxproj", "{4D9D8540-00E2-4012-8094-482846ECB556}"
EndProject
Project("{8BC9CEB8-8B4A-11D0-8D11-00A0C91BC942}") = "iocompython", "..\..\extensions\iocompython\osbuild\vs2019\iocompython.vcxproj", "{723B258A-51C6-4B40-9CB9-B1D122AE157E}"
EndProject
Project("{8BC9CEB8-8B4A-11D0-8D11-00A0C91BC942}") = "iodevice", "..\..\extensions\iodevice\osbuild\vs2019\iodevice.vcxproj", "{E54534F6-30CF-4951-8394-76006662F159}"
EndProject
Project("{8BC9CEB8-8B4A-11D0-8D11-00A0C91BC942}") = "ioserver", "..\..\extensions\ioserver\osbuild\vs2019\ioserver.vcxproj", "{35825D48-F2F0-4A44-BB17-170DE8D691FA}"
EndProject
Project("{8BC9CEB8-8B4A-11D0-8D11-00A0C91BC942}") = "lighthouse", "..\..\extensions\lighthouse\osbuild\vs2019\lighthouse.vcxproj", "{B30A5557-566E-4062-A585-80466FBA7A56}"
EndProject
Project("{8BC9CEB8-8B4A-11D0-8D11-00A0C91BC942}") = "nodeconf", "..\..\extensions\nodeconf\osbuild\vs2019\nodeconf.vcxproj", "{62A767E9-9498-4094-9253-756A55B6C8F7}"
EndProject
Project("{8BC9CEB8-8B4A-11D0-8D11-00A0C91BC942}") = "selectwifi", "..\..\extensions\selectwifi\osbuild\vs2019\selectwifi.vcxproj", "{073155B8-D7F1-40CF-B6EC-29D47C7B0B40}"
EndProject
Global
	GlobalSection(SolutionConfigurationPlatforms) = preSolution
		Debug|x64 = Debug|x64
		Debug|x86 = Debug|x86
		Release|x64 = Release|x64
		Release|x86 = Release|x86
	EndGlobalSection
	GlobalSection(ProjectConfigurationPlatforms) = postSolution
		{19FB0104-F92B-4FF2-BD45-577449621E88}.Debug|x64.ActiveCfg = Debug|x64
		{19FB0104-F92B-4FF2-BD45-577449621E88}.Debug|x64.Build.0 = Debug|x64
		{19FB0104-F92B-4FF2-BD45-577449621E88}.Debug|x86.ActiveCfg = Debug|Win32
		{19FB0104-F92B-4FF2-BD45-577449621E88}.Debug|x86.Build.0 = Debug|Win32
		{19FB0104-F92B-4FF2-BD45-577449621E88}.Release|x64.ActiveCfg = Release|x64
		{19FB0104-F92B-4FF2-BD45-577449621E88}.Release|x64.Build.0 = Release|x64
		{19FB0104-F92B-4FF2-BD45-577449621E88}.Release|x86.ActiveCfg = Release|Win32
		{19FB0104-F92B-4FF2-BD45-577449621E88}.Release|x86.Build.0 = Release|Win32
		{FE76EF7A-7822-4EC5-A7CE-05E5FA1AD2E7}.Debug|x64.ActiveCfg = Debug|x64
		{FE76EF7A-7822-4EC5-A7CE-05E5FA1AD2E7}.Debug|x64.Build.0 = Debug|x64
		{FE76EF7A-7822-4EC5-A7CE-05E5FA1AD2E7}.Debug|x86.ActiveCfg = Debug|Win32
		{FE76EF7A-7822-4EC5-A7CE-05E5FA1AD2E7}.Debug|x86.Build.0 = Debug|Win32
		{FE76EF7A-7822-4EC5-A7CE-05E5FA1AD2E7}.Release|x64.ActiveCfg = Release|x64
		{FE76EF7A-7822-4EC5-A7CE-05E5FA1AD2E7}.Release|x64.Build.0 = Release|x64
		{FE76EF7A-7822-4EC5-A7CE-05E5FA1AD2E7}.Release|x86.ActiveCfg = Release|Win32
		{FE76EF7A-7822-4EC5-A7CE-05E5FA1AD2E7}.Release|x86.Build.0 = Release|Win32
		{E7FCD099-4DF2-42AD-BDA4-EA6B4D5AB92D}.Debug|x64.ActiveCfg = Debug|x64
		{E7FCD099-4DF2-42AD-BDA4-EA6B4D5AB92D}.Debug|x64.Build.0 = Debug|x64
		{E7FCD099-4DF2-42AD-BDA4-EA6B4D5AB92D}.Debug|x86.ActiveCfg = Debug|Win32
		{E7FCD099-4DF2-42AD-BDA4-EA6B4D5AB92D}.Debug|x86.Build.0 = Debug|Win32
		{E7FCD099-4DF2-42AD-BDA4-EA6B4D5AB92D}.Release|x64.ActiveCfg = Release|x64
		{E7FCD099-4DF2-42AD-BDA4-EA6B4D5AB92D}.Release|x64.Build.0 = Release|x64
		{E7FCD099-4DF2-42AD-BDA4-EA6B4D5AB92D}.Release|x86.ActiveCfg = Release|Win32
		{E7FCD099-4DF2-42AD-BDA4-EA6B4D5AB92D}.Release|x86.Build.0 = Release|Win32
		{4D9D8540-00E2-4012-8094-482846ECB556}.Debug|x64.ActiveCfg = Debug|x64
		{4D9D8540-00E2-4012-8094-482846ECB556}.Debug|x64.Build.0 = Debug|x64
		{4D9D8540-00E2-4012-8094-482846ECB556}.Debug|x86.ActiveCfg = Debug|Win32
		{4D9D8540-00E2-4012-8094-482846ECB556}.Debug|x86.Build.0 = Debug|Win32
		{4D9D8540-00E2-4012-8094-482846ECB556}.Release|x64.ActiveCfg = Release|x64
		{4D9D8540-00E2-4012-8094-482846ECB556}.Release|x64.Build.0 = Release|x64
		{4D9D8540-00E2-4012-8094-482846ECB556}.Release|x86.ActiveCfg = Release|Win32
		{4D9D8540-00E2-4012-8094-482846ECB556}.Release|x86.Build.0 = Release|Win32
		{723B258A-51C6-4B40-9CB9-B1D122AE157E}.Debug|x64.ActiveCfg = Debug|x64
		{723B258A-51C6-4B40-9CB9-B1D122AE157E}.Debug|x64.Build.0 = Debug|x64
		{723B258A-51C6-4B40-9CB9-B1D122AE157E}.Debug|x86.ActiveCfg = Debug|Win32
		{723B258A-51C6-4B40-9CB9-B1D122AE157E}.Debug|x86.Build.0 = Debug|Win32
		{723B258A-51C6-4B40-9CB9-B1D122AE157E}.Release|x64.ActiveCfg = Release|x64
		{723B258A-51C6-4B40-9CB9-B1D122AE157E}.Release|x64.Build.0 = Release|x64
		{723B258A-51C6-4B40-9CB9-B1D122AE157E}.Release|x86.ActiveCfg = Release|Win32
		{723B258A-51C6-4B40-9CB9-B1D122AE157E}.Release|x86.Build.0 = Release|Win32
		{E54534F6-30CF-4951-8394-76006662F159}.Debug|x64.ActiveCfg = Debug|x64
		{E54534F6-30CF-4951-8394-76006662F159}.Debug|x64.Build.0 = Debug|x64
		{E54534F6-30CF-4951-8394-76006662F159}.Debug|x86.ActiveCfg = Debug|Win32
		{E54534F6-30CF-4951-8394-76006662F159}.Debug|x86.Build.0 = Debug|Win32
		{E54534F6-30CF-4951-8394-76006662F159}.Release|x64.ActiveCfg = Release|x64
		{E54534F6-30CF-4951-8394-76006662F159}.Release|x64.Build.0 = Release|x64
		{E54534F6-30CF-4951-8394-76006662F159}.Release|x86.ActiveCfg = Release|Win32
		{E54534F6-30CF-4951-8394-76006662F159}.Release|x86.Build.0 = Release|Win32
		{35825D48-F2F0-4A44-BB17-170DE8D691FA}.Debug|x64.ActiveCfg = Debug|x64
		{35825D48-F2F0-4A44-BB17-170DE8D691FA}.Debug|x64.Build.0 = Debug|x64
		{35825D48-F2F0-4A44-BB17-170DE8D691FA}.Debug|x86.ActiveCfg = Debug|Win32
		{35825D48-F2F0-4A44-BB17-170DE8D691FA}.Debug|x86.Build.0 = Debug|Win32
		{35825D48-F2F0-4A44-BB17-170DE8D691FA}.Release|x64.ActiveCfg = Release|x64
		{35825D48-F2F0-4A44-BB17-170DE8D691FA}.Release|x64.Build.0 = Release|x64
		{35825D48-F2F0-4A44-BB17-170DE8D691FA}.Release|x86.ActiveCfg = Release|Win32
		{35825D48-F2F0-4A44-BB17-170DE8D691FA}.Release|x86.Build.0 = Release|Win32
		{B30A5557-566E-4062-A585-80466FBA7A56}.Debug|x64.ActiveCfg = Debug|x64
		{B30A5557-566E-4062-A585-80466FBA7A56}.Debug|x64.Build.0 = Debug|x64
		{B30A5557-566E-4062-A585-80466FBA7A56}.Debug|x86.ActiveCfg = Debug|Win32
		{B30A5557-566E-4062-A585-80466FBA7A56}.Debug|x86.Build.0 = Debug|Win32
		{B30A5557-566E-4062-A585-80466FBA7A56}.Release|x64.ActiveCfg = Release|x64
		{B30A5557-566E-4062-A585-80466FBA7A56}.Release|x64.Build.0 = Release|x64
		{B30A5557-566E-4062-A585-80466FBA7A56}.Release|x86.ActiveCfg = Release|Win32
		{B30A5557-566E-4062-A585-80466FBA7A56}.Release|x86.Build.0 = Release|Win32
		{62A767E9-9498-4094-9253-756A55B6C8F7}.Debug|x64.ActiveCfg = Debug|x64
		{62A767E9-9498-4094-9253-756A55B6C8F7}.Debug|x64.Build.0 = Debug|x64
		{62A767E9-9498-4094-9253-756A55B6C8F7}.Debug|x86.ActiveCfg = Debug|Win32
		{62A767E9-9498-4094-9253-756A55B6C8F7}.Debug|x86.Build.0 = Debug|Win32
		{62A767E9-9498-4094-9253-756A55B6C8F7}.Release|x64.ActiveCfg = Release|x64
		{62A767E9-9498-4094-9253-756A55B6C8F7}.Release|x64.Build.0 = Release|x64
		{62A767E9-9498-4094-9253-756A55B6C8F7}.Release|x86.ActiveCfg = Release|Win32
		{62A767E9-9498-4094-9253-756A55B6C8F7}.Release|x86.Build.0 = Release|Win32
		{073155B8-D7F1-40CF-B6EC-29D47C7B0B40}.Debug|x64.ActiveCfg = Debug|x64
		{073155B8-D7F1-40CF-B6EC-29D47C7B0B40}.Debug|x64.Build.0 = Debug|x64
		{073155B8-D7F1-40CF-B6EC-29D47C7B0B40}.Debug|x86.ActiveCfg = Debug|Win32
		{073155B8-D7F1-40CF-B6EC-29D47C7B0B40}.Debug|x86.Build.0 = Debug|Win32
		{073155B8-D7F1-40CF-B6EC-29D47C7B0B40}.Release|x64.ActiveCfg = Release|x64
		{073155B8-D7F1-40CF-B6EC-29D47C7B0B40}.Release|x64.Build.0 = Release|x64
		{073155B8-D7F1-40CF-B6EC-29D47C7B0B40}.Release|x86.ActiveCfg = Release|Win32
		{073155B8-D7F1-40CF-B6EC-29D47C7B0B40}.Release|x86.Build.0 = Release|Win32
	EndGlobalSection
	GlobalSection(SolutionProperties) = preSolution
		HideSolutionNode = FALSE
	EndGlobalSection
	GlobalSection(ExtensibilityGlobals) = postSolution
		SolutionGuid = {8F3ABBA0-4E70-4EE5-B9DC-280E1E37BB69}
	EndGlobalSection
EndGlobal
